PODS:
  - audio_session (0.0.1):
    - Flutter
  - Flutter (1.0.0)
  - flutter_sound_core (8.5.0)
  - flutter_sound_lite (8.5.0):
    - Flutter
    - flutter_sound_core (= 8.5.0)
  - flutter_tts (0.0.1):
    - Flutter
  - just_audio (0.0.1):
    - Flutter
  - path_provider_ios (0.0.1):
    - Flutter
  - permission_handler_apple (9.0.4):
    - Flutter

DEPENDENCIES:
  - audio_session (from `.symlinks/plugins/audio_session/ios`)
  - Flutter (from `Flutter`)
  - flutter_sound_lite (from `.symlinks/plugins/flutter_sound_lite/ios`)
  - flutter_tts (from `.symlinks/plugins/flutter_tts/ios`)
  - just_audio (from `.symlinks/plugins/just_audio/ios`)
  - path_provider_ios (from `.symlinks/plugins/path_provider_ios/ios`)
  - permission_handler_apple (from `.symlinks/plugins/permission_handler_apple/ios`)

SPEC REPOS:
  trunk:
    - flutter_sound_core

EXTERNAL SOURCES:
  audio_session:
    :path: ".symlinks/plugins/audio_session/ios"
  Flutter:
    :path: Flutter
  flutter_sound_lite:
    :path: ".symlinks/plugins/flutter_sound_lite/ios"
  flutter_tts:
    :path: ".symlinks/plugins/flutter_tts/ios"
  just_audio:
    :path: ".symlinks/plugins/just_audio/ios"
  path_provider_ios:
    :path: ".symlinks/plugins/path_provider_ios/ios"
  permission_handler_apple:
    :path: ".symlinks/plugins/permission_handler_apple/ios"

SPEC CHECKSUMS:
  audio_session: 4f3e461722055d21515cf3261b64c973c062f345
  Flutter: f04841e97a9d0b0a8025694d0796dd46242b2854
  flutter_sound_core: d9396f10752a0df9aa3197f4c431d62d934918cc
  flutter_sound_lite: 175808b357d0b3eeee1345843545bb2fbde06e6c
  flutter_tts: 0f492aab6accf87059b72354fcb4ba934304771d
  just_audio: baa7252489dbcf47a4c7cc9ca663e9661c99aafa
  path_provider_ios: 14f3d2fd28c4fdb42f44e0f751d12861c43cee02
  permission_handler_apple: 44366e37eaf29454a1e7b1b7d736c2cceaeb17ce

PODFILE CHECKSUM: 89ffc9127310ea4af59934cc94c9f67a54ee6c0a

COCOAPODS: 1.11.3
